// !$*UTF8*$!
{
	archiveVersion = 1;
	classes = {
	};
	objectVersion = 50;
	objects = {

/* Begin PBXBuildFile section */
		949E8F99208F13D300943E17 /* AppDelegate.m in Sources */ = {isa = PBXBuildFile; fileRef = 949E8F98208F13D300943E17 /* AppDelegate.m */; };
		949E8F9C208F13D300943E17 /* ViewController.m in Sources */ = {isa = PBXBuildFile; fileRef = 949E8F9B208F13D300943E17 /* ViewController.m */; };
		949E8F9F208F13D300943E17 /* Main.storyboard in Resources */ = {isa = PBXBuildFile; fileRef = 949E8F9D208F13D300943E17 /* Main.storyboard */; };
		949E8FA1208F13D400943E17 /* Assets.xcassets in Resources */ = {isa = PBXBuildFile; fileRef = 949E8FA0208F13D400943E17 /* Assets.xcassets */; };
		949E8FA4208F13D400943E17 /* LaunchScreen.storyboard in Resources */ = {isa = PBXBuildFile; fileRef = 949E8FA2208F13D400943E17 /* LaunchScreen.storyboard */; };
		949E8FA7208F13D400943E17 /* main.m in Sources */ = {isa = PBXBuildFile; fileRef = 949E8FA6208F13D400943E17 /* main.m */; };
		949E8FAF208F140D00943E17 /* AbstractMediator.m in Sources */ = {isa = PBXBuildFile; fileRef = 949E8FAE208F140D00943E17 /* AbstractMediator.m */; };
		949E8FB2208F143D00943E17 /* AbstractColleage.m in Sources */ = {isa = PBXBuildFile; fileRef = 949E8FB1208F143D00943E17 /* AbstractColleage.m */; };
		949E8FB5208F189D00943E17 /* Colleage.m in Sources */ = {isa = PBXBuildFile; fileRef = 949E8FB4208F189D00943E17 /* Colleage.m */; };
		949E8FB8208F19AD00943E17 /* MediatorOne.m in Sources */ = {isa = PBXBuildFile; fileRef = 949E8FB7208F19AD00943E17 /* MediatorOne.m */; };
		949E8FBB208F19BC00943E17 /* MediatorTwo.m in Sources */ = {isa = PBXBuildFile; fileRef = 949E8FBA208F19BC00943E17 /* MediatorTwo.m */; };
/* End PBXBuildFile section */

/* Begin PBXFileReference section */
		949E8F94208F13D300943E17 /* Mediator中介者模式二.app */ = {isa = PBXFileReference; explicitFileType = wrapper.application; includeInIndex = 0; path = "Mediator中介者模式二.app"; sourceTree = BUILT_PRODUCTS_DIR; };
		949E8F97208F13D300943E17 /* AppDelegate.h */ = {isa = PBXFileReference; lastKnownFileType = sourcecode.c.h; path = AppDelegate.h; sourceTree = "<group>"; };
		949E8F98208F13D300943E17 /* AppDelegate.m */ = {isa = PBXFileReference; lastKnownFileType = sourcecode.c.objc; path = AppDelegate.m; sourceTree = "<group>"; };
		949E8F9A208F13D300943E17 /* ViewController.h */ = {isa = PBXFileReference; lastKnownFileType = sourcecode.c.h; path = ViewController.h; sourceTree = "<group>"; };
		949E8F9B208F13D300943E17 /* ViewController.m */ = {isa = PBXFileReference; lastKnownFileType = sourcecode.c.objc; path = ViewController.m; sourceTree = "<group>"; };
		949E8F9E208F13D300943E17 /* Base */ = {isa = PBXFileReference; lastKnownFileType = file.storyboard; name = Base; path = Base.lproj/Main.storyboard; sourceTree = "<group>"; };
		949E8FA0208F13D400943E17 /* Assets.xcassets */ = {isa = PBXFileReference; lastKnownFileType = folder.assetcatalog; path = Assets.xcassets; sourceTree = "<group>"; };
		949E8FA3208F13D400943E17 /* Base */ = {isa = PBXFileReference; lastKnownFileType = file.storyboard; name = Base; path = Base.lproj/LaunchScreen.storyboard; sourceTree = "<group>"; };
		949E8FA5208F13D400943E17 /* Info.plist */ = {isa = PBXFileReference; lastKnownFileType = text.plist.xml; path = Info.plist; sourceTree = "<group>"; };
		949E8FA6208F13D400943E17 /* main.m */ = {isa = PBXFileReference; lastKnownFileType = sourcecode.c.objc; path = main.m; sourceTree = "<group>"; };
		949E8FAD208F140D00943E17 /* AbstractMediator.h */ = {isa = PBXFileReference; lastKnownFileType = sourcecode.c.h; path = AbstractMediator.h; sourceTree = "<group>"; };
		949E8FAE208F140D00943E17 /* AbstractMediator.m */ = {isa = PBXFileReference; lastKnownFileType = sourcecode.c.objc; path = AbstractMediator.m; sourceTree = "<group>"; };
		949E8FB0208F143D00943E17 /* AbstractColleage.h */ = {isa = PBXFileReference; lastKnownFileType = sourcecode.c.h; path = AbstractColleage.h; sourceTree = "<group>"; };
		949E8FB1208F143D00943E17 /* AbstractColleage.m */ = {isa = PBXFileReference; lastKnownFileType = sourcecode.c.objc; path = AbstractColleage.m; sourceTree = "<group>"; };
		949E8FB3208F189D00943E17 /* Colleage.h */ = {isa = PBXFileReference; lastKnownFileType = sourcecode.c.h; path = Colleage.h; sourceTree = "<group>"; };
		949E8FB4208F189D00943E17 /* Colleage.m */ = {isa = PBXFileReference; lastKnownFileType = sourcecode.c.objc; path = Colleage.m; sourceTree = "<group>"; };
		949E8FB6208F19AD00943E17 /* MediatorOne.h */ = {isa = PBXFileReference; lastKnownFileType = sourcecode.c.h; path = MediatorOne.h; sourceTree = "<group>"; };
		949E8FB7208F19AD00943E17 /* MediatorOne.m */ = {isa = PBXFileReference; lastKnownFileType = sourcecode.c.objc; path = MediatorOne.m; sourceTree = "<group>"; };
		949E8FB9208F19BC00943E17 /* MediatorTwo.h */ = {isa = PBXFileReference; lastKnownFileType = sourcecode.c.h; path = MediatorTwo.h; sourceTree = "<group>"; };
		949E8FBA208F19BC00943E17 /* MediatorTwo.m */ = {isa = PBXFileReference; lastKnownFileType = sourcecode.c.objc; path = MediatorTwo.m; sourceTree = "<group>"; };
/* End PBXFileReference section */

/* Begin PBXFrameworksBuildPhase section */
		949E8F91208F13D300943E17 /* Frameworks */ = {
			isa = PBXFrameworksBuildPhase;
			buildActionMask = 2147483647;
			files = (
			);
			runOnlyForDeploymentPostprocessing = 0;
		};
/* End PBXFrameworksBuildPhase section */

/* Begin PBXGroup section */
		949E8F8B208F13D300943E17 = {
			isa = PBXGroup;
			children = (
				949E8F96208F13D300943E17 /* Mediator中介者模式二 */,
				949E8F95208F13D300943E17 /* Products */,
			);
			sourceTree = "<group>";
		};
		949E8F95208F13D300943E17 /* Products */ = {
			isa = PBXGroup;
			children = (
				949E8F94208F13D300943E17 /* Mediator中介者模式二.app */,
			);
			name = Products;
			sourceTree = "<group>";
		};
		949E8F96208F13D300943E17 /* Mediator中介者模式二 */ = {
			isa = PBXGroup;
			children = (
				949E8FAD208F140D00943E17 /* AbstractMediator.h */,
				949E8FAE208F140D00943E17 /* AbstractMediator.m */,
				949E8FB6208F19AD00943E17 /* MediatorOne.h */,
				949E8FB7208F19AD00943E17 /* MediatorOne.m */,
				949E8FB9208F19BC00943E17 /* MediatorTwo.h */,
				949E8FBA208F19BC00943E17 /* MediatorTwo.m */,
				949E8FB0208F143D00943E17 /* AbstractColleage.h */,
				949E8FB1208F143D00943E17 /* AbstractColleage.m */,
				949E8FB3208F189D00943E17 /* Colleage.h */,
				949E8FB4208F189D00943E17 /* Colleage.m */,
				949E8F97208F13D300943E17 /* AppDelegate.h */,
				949E8F98208F13D300943E17 /* AppDelegate.m */,
				949E8F9A208F13D300943E17 /* ViewController.h */,
				949E8F9B208F13D300943E17 /* ViewController.m */,
				949E8F9D208F13D300943E17 /* Main.storyboard */,
				949E8FA0208F13D400943E17 /* Assets.xcassets */,
				949E8FA2208F13D400943E17 /* LaunchScreen.storyboard */,
				949E8FA5208F13D400943E17 /* Info.plist */,
				949E8FA6208F13D400943E17 /* main.m */,
			);
			path = "Mediator中介者模式二";
			sourceTree = "<group>";
		};
/* End PBXGroup section */

/* Begin PBXNativeTarget section */
		949E8F93208F13D300943E17 /* Mediator中介者模式二 */ = {
			isa = PBXNativeTarget;
			buildConfigurationList = 949E8FAA208F13D400943E17 /* Build configuration list for PBXNativeTarget "Mediator中介者模式二" */;
			buildPhases = (
				949E8F90208F13D300943E17 /* Sources */,
				949E8F91208F13D300943E17 /* Frameworks */,
				949E8F92208F13D300943E17 /* Resources */,
			);
			buildRules = (
			);
			dependencies = (
			);
			name = "Mediator中介者模式二";
			productName = "Mediator中介者模式二";
			productReference = 949E8F94208F13D300943E17 /* Mediator中介者模式二.app */;
			productType = "com.apple.product-type.application";
		};
/* End PBXNativeTarget section */

/* Begin PBXProject section */
		949E8F8C208F13D300943E17 /* Project object */ = {
			isa = PBXProject;
			attributes = {
				LastUpgradeCheck = 0930;
				ORGANIZATIONNAME = ZGW;
				TargetAttributes = {
					949E8F93208F13D300943E17 = {
						CreatedOnToolsVersion = 9.3;
					};
				};
			};
			buildConfigurationList = 949E8F8F208F13D300943E17 /* Build configuration list for PBXProject "Mediator中介者模式二" */;
			compatibilityVersion = "Xcode 9.3";
			developmentRegion = en;
			hasScannedForEncodings = 0;
			knownRegions = (
				en,
				Base,
			);
			mainGroup = 949E8F8B208F13D300943E17;
			productRefGroup = 949E8F95208F13D300943E17 /* Products */;
			projectDirPath = "";
			projectRoot = "";
			targets = (
				949E8F93208F13D300943E17 /* Mediator中介者模式二 */,
			);
		};
/* End PBXProject section */

/* Begin PBXResourcesBuildPhase section */
		949E8F92208F13D300943E17 /* Resources */ = {
			isa = PBXResourcesBuildPhase;
			buildActionMask = 2147483647;
			files = (
				949E8FA4208F13D400943E17 /* LaunchScreen.storyboard in Resources */,
				949E8FA1208F13D400943E17 /* Assets.xcassets in Resources */,
				949E8F9F208F13D300943E17 /* Main.storyboard in Resources */,
			);
			runOnlyForDeploymentPostprocessing = 0;
		};
/* End PBXResourcesBuildPhase section */

/* Begin PBXSourcesBuildPhase section */
		949E8F90208F13D300943E17 /* Sources */ = {
			isa = PBXSourcesBuildPhase;
			buildActionMask = 2147483647;
			files = (
				949E8F9C208F13D300943E17 /* ViewController.m in Sources */,
				949E8FA7208F13D400943E17 /* main.m in Sources */,
				949E8FAF208F140D00943E17 /* AbstractMediator.m in Sources */,
				949E8FB5208F189D00943E17 /* Colleage.m in Sources */,
				949E8FB8208F19AD00943E17 /* MediatorOne.m in Sources */,
				949E8FB2208F143D00943E17 /* AbstractColleage.m in Sources */,
				949E8F99208F13D300943E17 /* AppDelegate.m in Sources */,
				949E8FBB208F19BC00943E17 /* MediatorTwo.m in Sources */,
			);
			runOnlyForDeploymentPostprocessing = 0;
		};
/* End PBXSourcesBuildPhase section */

/* Begin PBXVariantGroup section */
		949E8F9D208F13D300943E17 /* Main.storyboard */ = {
			isa = PBXVariantGroup;
			children = (
				949E8F9E208F13D300943E17 /* Base */,
			);
			name = Main.storyboard;
			sourceTree = "<group>";
		};
		949E8FA2208F13D400943E17 /* LaunchScreen.storyboard */ = {
			isa = PBXVariantGroup;
			children = (
				949E8FA3208F13D400943E17 /* Base */,
			);
			name = LaunchScreen.storyboard;
			sourceTree = "<group>";
		};
/* End PBXVariantGroup section */

/* Begin XCBuildConfiguration section */
		949E8FA8208F13D400943E17 /* Debug */ = {
			isa = XCBuildConfiguration;
			buildSettings = {
				ALWAYS_SEARCH_USER_PATHS = NO;
				CLANG_ANALYZER_NONNULL = YES;
				CLANG_ANALYZER_NUMBER_OBJECT_CONVERSION = YES_AGGRESSIVE;
				CLANG_CXX_LANGUAGE_STANDARD = "gnu++14";
				CLANG_CXX_LIBRARY = "libc++";
				CLANG_ENABLE_MODULES = YES;
				CLANG_ENABLE_OBJC_ARC = YES;
				CLANG_ENABLE_OBJC_WEAK = YES;
				CLANG_WARN_BLOCK_CAPTURE_AUTORELEASING = YES;
				CLANG_WARN_BOOL_CONVERSION = YES;
				CLANG_WARN_COMMA = YES;
				CLANG_WARN_CONSTANT_CONVERSION = YES;
				CLANG_WARN_DEPRECATED_OBJC_IMPLEMENTATIONS = YES;
				CLANG_WARN_DIRECT_OBJC_ISA_USAGE = YES_ERROR;
				CLANG_WARN_DOCUMENTATION_COMMENTS = YES;
				CLANG_WARN_EMPTY_BODY = YES;
				CLANG_WARN_ENUM_CONVERSION = YES;
				CLANG_WARN_INFINITE_RECURSION = YES;
				CLANG_WARN_INT_CONVERSION = YES;
				CLANG_WARN_NON_LITERAL_NULL_CONVERSION = YES;
				CLANG_WARN_OBJC_IMPLICIT_RETAIN_SELF = YES;
				CLANG_WARN_OBJC_LITERAL_CONVERSION = YES;
				CLANG_WARN_OBJC_ROOT_CLASS = YES_ERROR;
				CLANG_WARN_RANGE_LOOP_ANALYSIS = YES;
				CLANG_WARN_STRICT_PROTOTYPES = YES;
				CLANG_WARN_SUSPICIOUS_MOVE = YES;
				CLANG_WARN_UNGUARDED_AVAILABILITY = YES_AGGRESSIVE;
				CLANG_WARN_UNREACHABLE_CODE = YES;
				CLANG_WARN__DUPLICATE_METHOD_MATCH = YES;
				CODE_SIGN_IDENTITY = "iPhone Developer";
				COPY_PHASE_STRIP = NO;
				DEBUG_INFORMATION_FORMAT = dwarf;
				ENABLE_STRICT_OBJC_MSGSEND = YES;
				ENABLE_TESTABILITY = YES;
				GCC_C_LANGUAGE_STANDARD = gnu11;
				GCC_DYNAMIC_NO_PIC = NO;
				GCC_NO_COMMON_BLOCKS = YES;
				GCC_OPTIMIZATION_LEVEL = 0;
				GCC_PREPROCESSOR_DEFINITIONS = (
					"DEBUG=1",
					"$(inherited)",
				);
				GCC_WARN_64_TO_32_BIT_CONVERSION = YES;
				GCC_WARN_ABOUT_RETURN_TYPE = YES_ERROR;
				GCC_WARN_UNDECLARED_SELECTOR = YES;
				GCC_WARN_UNINITIALIZED_AUTOS = YES_AGGRESSIVE;
				GCC_WARN_UNUSED_FUNCTION = YES;
				GCC_WARN_UNUSED_VARIABLE = YES;
				IPHONEOS_DEPLOYMENT_TARGET = 11.3;
				MTL_ENABLE_DEBUG_INFO = YES;
				ONLY_ACTIVE_ARCH = YES;
				SDKROOT = iphoneos;
			};
			name = Debug;
		};
		949E8FA9208F13D400943E17 /* Release */ = {
			isa = XCBuildConfiguration;
			buildSettings = {
				ALWAYS_SEARCH_USER_PATHS = NO;
				CLANG_ANALYZER_NONNULL = YES;
				CLANG_ANALYZER_NUMBER_OBJECT_CONVERSION = YES_AGGRESSIVE;
				CLANG_CXX_LANGUAGE_STANDARD = "gnu++14";
				CLANG_CXX_LIBRARY = "libc++";
				CLANG_ENABLE_MODULES = YES;
				CLANG_ENABLE_OBJC_ARC = YES;
				CLANG_ENABLE_OBJC_WEAK = YES;
				CLANG_WARN_BLOCK_CAPTURE_AUTORELEASING = YES;
				CLANG_WARN_BOOL_CONVERSION = YES;
				CLANG_WARN_COMMA = YES;
				CLANG_WARN_CONSTANT_CONVERSION = YES;
				CLANG_WARN_DEPRECATED_OBJC_IMPLEMENTATIONS = YES;
				CLANG_WARN_DIRECT_OBJC_ISA_USAGE = YES_ERROR;
				CLANG_WARN_DOCUMENTATION_COMMENTS = YES;
				CLANG_WARN_EMPTY_BODY = YES;
				CLANG_WARN_ENUM_CONVERSION = YES;
				CLANG_WARN_INFINITE_RECURSION = YES;
				CLANG_WARN_INT_CONVERSION = YES;
				CLANG_WARN_NON_LITERAL_NULL_CONVERSION = YES;
				CLANG_WARN_OBJC_IMPLICIT_RETAIN_SELF = YES;
				CLANG_WARN_OBJC_LITERAL_CONVERSION = YES;
				CLANG_WARN_OBJC_ROOT_CLASS = YES_ERROR;
				CLANG_WARN_RANGE_LOOP_ANALYSIS = YES;
				CLANG_WARN_STRICT_PROTOTYPES = YES;
				CLANG_WARN_SUSPICIOUS_MOVE = YES;
				CLANG_WARN_UNGUARDED_AVAILABILITY = YES_AGGRESSIVE;
				CLANG_WARN_UNREACHABLE_CODE = YES;
				CLANG_WARN__DUPLICATE_METHOD_MATCH = YES;
				CODE_SIGN_IDENTITY = "iPhone Developer";
				COPY_PHASE_STRIP = NO;
				DEBUG_INFORMATION_FORMAT = "dwarf-with-dsym";
				ENABLE_NS_ASSERTIONS = NO;
				ENABLE_STRICT_OBJC_MSGSEND = YES;
				GCC_C_LANGUAGE_STANDARD = gnu11;
				GCC_NO_COMMON_BLOCKS = YES;
				GCC_WARN_64_TO_32_BIT_CONVERSION = YES;
				GCC_WARN_ABOUT_RETURN_TYPE = YES_ERROR;
				GCC_WARN_UNDECLARED_SELECTOR = YES;
				GCC_WARN_UNINITIALIZED_AUTOS = YES_AGGRESSIVE;
				GCC_WARN_UNUSED_FUNCTION = YES;
				GCC_WARN_UNUSED_VARIABLE = YES;
				IPHONEOS_DEPLOYMENT_TARGET = 11.3;
				MTL_ENABLE_DEBUG_INFO = NO;
				SDKROOT = iphoneos;
				VALIDATE_PRODUCT = YES;
			};
			name = Release;
		};
		949E8FAB208F13D400943E17 /* Debug */ = {
			isa = XCBuildConfiguration;
			buildSettings = {
				ASSETCATALOG_COMPILER_APPICON_NAME = AppIcon;
				CODE_SIGN_STYLE = Automatic;
				INFOPLIST_FILE = "Mediator中介者模式二/Info.plist";
				LD_RUNPATH_SEARCH_PATHS = (
					"$(inherited)",
					"@executable_path/Frameworks",
				);
				PRODUCT_BUNDLE_IDENTIFIER = "Dreams.Mediator------";
				PRODUCT_NAME = "$(TARGET_NAME)";
				TARGETED_DEVICE_FAMILY = "1,2";
			};
			name = Debug;
		};
		949E8FAC208F13D400943E17 /* Release */ = {
			isa = XCBuildConfiguration;
			buildSettings = {
				ASSETCATALOG_COMPILER_APPICON_NAME = AppIcon;
				CODE_SIGN_STYLE = Automatic;
				INFOPLIST_FILE = "Mediator中介者模式二/Info.plist";
				LD_RUNPATH_SEARCH_PATHS = (
					"$(inherited)",
					"@executable_path/Frameworks",
				);
				PRODUCT_BUNDLE_IDENTIFIER = "Dreams.Mediator------";
				PRODUCT_NAME = "$(TARGET_NAME)";
				TARGETED_DEVICE_FAMILY = "1,2";
			};
			name = Release;
		};
/* End XCBuildConfiguration section */

/* Begin XCConfigurationList section */
		949E8F8F208F13D300943E17 /* Build configuration list for PBXProject "Mediator中介者模式二" */ = {
			isa = XCConfigurationList;
			buildConfigurations = (
				949E8FA8208F13D400943E17 /* Debug */,
				949E8FA9208F13D400943E17 /* Release */,
			);
			defaultConfigurationIsVisible = 0;
			defaultConfigurationName = Release;
		};
		949E8FAA208F13D400943E17 /* Build configuration list for PBXNativeTarget "Mediator中介者模式二" */ = {
			isa = XCConfigurationList;
			buildConfigurations = (
				949E8FAB208F13D400943E17 /* Debug */,
				949E8FAC208F13D400943E17 /* Release */,
			);
			defaultConfigurationIsVisible = 0;
			defaultConfigurationName = Release;
		};
/* End XCConfigurationList section */
	};
	rootObject = 949E8F8C208F13D300943E17 /* Project object */;
}
